github.com/didip/shawty v0.0.0-20180416062436-e7eb364ba4fc h1:bA9KlVzkvEaVCWhvroZaB4CdH3wA7r9g2lOz07F2F8Y=
github.com/didip/shawty v0.0.0-20180416062436-e7eb364ba4fc/go.mod h1:LS6pujARJ0YH1RbcGrQ7PEYmbjnm/oCXFhJ745JhStg=
github.com/mitchellh/go-homedir v1.1.0 h1:lukF9ziXFxDFPkA1vsr5zpc1XuPDn/wFntq5mG+4E0Y=
github.com/mitchellh/go-homedir v1.1.0/go.mod h1:SfyaCUpYCn1Vlf4IUYiD9fPX4A5wJrkLzIz1N1q0pr0=
